
Microsoft Visual Studio Solution File, Format Version 12.00
# Visual Studio Version 17
VisualStudioVersion = 17.3.32922.545
MinimumVisualStudioVersion = 10.0.40219.1
Project("{9A19103F-16F7-4668-BE54-9A1E7A4F7556}") = "BestArhiSyntax.console", "BestArhiSyntax.console\BestArhiSyntax.console.csproj", "{C8D05155-CE40-44C9-A06B-6B79F1B40009}"
EndProject
Project("{2150E333-8FDC-42A3-9474-1A3956D46DE8}") = "TemplateArchitecture", "TemplateArchitecture", "{EA6CB1D7-27E1-4A1A-B7DB-4076A31ABB52}"
EndProject
Project("{2150E333-8FDC-42A3-9474-1A3956D46DE8}") = "Common", "Common", "{ADF03AC2-C5FB-4C0D-A2BA-F9B65D29BE8E}"
EndProject
Project("{2150E333-8FDC-42A3-9474-1A3956D46DE8}") = "Data", "Data", "{3B5B4D90-D384-4268-80FE-F126D7EF4E24}"
EndProject
Project("{2150E333-8FDC-42A3-9474-1A3956D46DE8}") = "UI", "UI", "{9E57ACC2-CBC8-4F50-9018-C819C5EF9D54}"
EndProject
Project("{2150E333-8FDC-42A3-9474-1A3956D46DE8}") = "Test", "Test", "{32EA0AB2-2DCC-4D9C-99FC-0C6FFC9CCEB1}"
EndProject
Project("{2150E333-8FDC-42A3-9474-1A3956D46DE8}") = "Services", "Services", "{ED5E381B-EEF2-4FF0-8E9F-D6E259A7FB8A}"
EndProject
Project("{2150E333-8FDC-42A3-9474-1A3956D46DE8}") = "WebApi", "WebApi", "{BED03803-DEB9-43DC-8D20-9336A5582FFA}"
EndProject
Project("{2150E333-8FDC-42A3-9474-1A3956D46DE8}") = "Interfaces", "Interfaces", "{B53589F9-FF63-4655-8FF5-0A4435E9240C}"
EndProject
Project("{2150E333-8FDC-42A3-9474-1A3956D46DE8}") = "DAL", "DAL", "{494A4C58-A3D9-4F2E-BA49-E0FEA8838F3E}"
EndProject
Project("{9A19103F-16F7-4668-BE54-9A1E7A4F7556}") = "Interfaces.Base", "Interfaces.Base\Interfaces.Base.csproj", "{3661FCBD-1E95-430E-BE76-82FB194EE869}"
EndProject
Project("{9A19103F-16F7-4668-BE54-9A1E7A4F7556}") = "Interfaces", "Interfaces\Interfaces.csproj", "{EF1D416A-2634-4DCA-80F0-4BC3F6159CCA}"
EndProject
Project("{9A19103F-16F7-4668-BE54-9A1E7A4F7556}") = "App.DAL", "App.DAL\App.DAL.csproj", "{676BFC05-9ABD-41C9-AEB4-9E313BA20EF2}"
EndProject
Project("{9A19103F-16F7-4668-BE54-9A1E7A4F7556}") = "App.DAL.MSSQL", "App.DAL.MySLQ\App.DAL.MSSQL.csproj", "{EDF8DEA9-FD1F-4DB2-88F7-CA83A4BB4090}"
EndProject
Project("{9A19103F-16F7-4668-BE54-9A1E7A4F7556}") = "App.DAL.SqLite", "App.DAL.SqLite\App.DAL.SqLite.csproj", "{5F2710A0-DF10-4E9A-80AB-823CAC3FFEE9}"
EndProject
Project("{9A19103F-16F7-4668-BE54-9A1E7A4F7556}") = "App.DAL.Postgres", "App.DAL.Postgres\App.DAL.Postgres.csproj", "{E8A5D866-152D-438E-90A1-25505030307B}"
EndProject
Project("{9A19103F-16F7-4668-BE54-9A1E7A4F7556}") = "App.DDD.Domain.Base", "App.DDD.Domain.Base\App.DDD.Domain.Base.csproj", "{5B0D0077-6741-40CD-A9C3-498E11DA863B}"
EndProject
Project("{9A19103F-16F7-4668-BE54-9A1E7A4F7556}") = "App.DDD.Domain", "App.DDD.Domain\App.DDD.Domain.csproj", "{BF7AE299-582B-4D1C-B172-3FF12AAC7B35}"
EndProject
Project("{2150E333-8FDC-42A3-9474-1A3956D46DE8}") = "Extensions", "Extensions", "{7F6C8D2E-9336-4EF0-95FE-8F5445EAC7E7}"
EndProject
Project("{9A19103F-16F7-4668-BE54-9A1E7A4F7556}") = "UI.Extensions", "UI.Extensions\UI.Extensions.csproj", "{719D4A57-2E8A-4F1E-AD3F-A7ABB57A0406}"
EndProject
Project("{9A19103F-16F7-4668-BE54-9A1E7A4F7556}") = "Extension.Base", "Extension.Base\Extension.Base.csproj", "{730A170C-4610-46A1-8864-A8C3A7023F3D}"
EndProject
Project("{9A19103F-16F7-4668-BE54-9A1E7A4F7556}") = "Data.Extensions", "Data.Extensions\Data.Extensions.csproj", "{241CE699-9409-4B51-B4DE-C42434EF5593}"
EndProject
Project("{9A19103F-16F7-4668-BE54-9A1E7A4F7556}") = "App.Web.Api", "App.Web.Api\App.Web.Api.csproj", "{A9BFE574-4453-4189-B264-1B0D29D166A2}"
EndProject
Project("{2150E333-8FDC-42A3-9474-1A3956D46DE8}") = "AppServices", "AppServices", "{83C51B1B-FBF6-418F-AC92-4694F7C53CF1}"
EndProject
Project("{9A19103F-16F7-4668-BE54-9A1E7A4F7556}") = "App.Services", "App.Services\App.Services.csproj", "{91A641C6-353A-4BC9-8EFB-8294BF3C3CFF}"
EndProject
Project("{2150E333-8FDC-42A3-9474-1A3956D46DE8}") = "AppTest", "AppTest", "{B47F35C5-F5B5-4DC2-91E9-CCFBAE5E9DBE}"
EndProject
Project("{9A19103F-16F7-4668-BE54-9A1E7A4F7556}") = "App.UI", "App.UI\App.UI.csproj", "{81DD7868-C602-4345-A02D-8FFB60BA31D9}"
EndProject
Project("{2150E333-8FDC-42A3-9474-1A3956D46DE8}") = "TDD", "TDD", "{9CCA1C11-9D9F-4E06-AE05-16A7B32E0BAE}"
	ProjectSection(SolutionItems) = preProject
		TDD Описание.txt = TDD Описание.txt
	EndProjectSection
EndProject
Project("{2150E333-8FDC-42A3-9474-1A3956D46DE8}") = "BDD", "BDD", "{452E7972-D8EE-40FA-8611-964EBD76B051}"
	ProjectSection(SolutionItems) = preProject
		BDD описание.txt = BDD описание.txt
	EndProjectSection
EndProject
Project("{9A19103F-16F7-4668-BE54-9A1E7A4F7556}") = "Common", "Common\Common.csproj", "{6C37E44B-7C99-4A97-9FFD-CE6B917AD578}"
EndProject
Project("{9A19103F-16F7-4668-BE54-9A1E7A4F7556}") = "FrontAngular", "FrontAngular\FrontAngular.csproj", "{9AE15C05-F9E9-4FE9-B6B9-5BA6AB9D7118}"
EndProject
Project("{9A19103F-16F7-4668-BE54-9A1E7A4F7556}") = "WatchDog", "WatchDog\WatchDog.csproj", "{4391695A-F6DD-4B7C-AE19-92E76BF81838}"
EndProject
Project("{9A19103F-16F7-4668-BE54-9A1E7A4F7556}") = "Identity", "..\Identity\Identity.csproj", "{8A6015F1-77F5-466E-AC4F-F9706862E84E}"
EndProject
Project("{9A19103F-16F7-4668-BE54-9A1E7A4F7556}") = "Web.SendMail.Api", "Web.SendMail.Apli\Web.SendMail.Api.csproj", "{36A63D77-1C7F-4CB5-91B1-C2347255150A}"
EndProject
Project("{9A19103F-16F7-4668-BE54-9A1E7A4F7556}") = "MassTransitAndRabbitMQ", "MassTransitAndRabbitMQ\MassTransitAndRabbitMQ.csproj", "{0C2C001B-D4AF-4612-9FD7-58D0B0C3A418}"
EndProject
Project("{9A19103F-16F7-4668-BE54-9A1E7A4F7556}") = "Sender.Services", "Sender.Services\Sender.Services.csproj", "{88BC250C-8BE9-4CA0-BF7A-31E7C1D20D04}"
EndProject
Project("{2150E333-8FDC-42A3-9474-1A3956D46DE8}") = "ApiGateway", "ApiGateway", "{AA8A9CBF-01AC-4057-8703-9CD3F959CEFB}"
EndProject
Project("{9A19103F-16F7-4668-BE54-9A1E7A4F7556}") = "Global.ApiGateway", "Global.ApiGateway\Global.ApiGateway.csproj", "{BE41B184-D9B8-48D6-A9B4-7FB52F830597}"
EndProject
Project("{9A19103F-16F7-4668-BE54-9A1E7A4F7556}") = "Mappings", "Mappings\Mappings.csproj", "{D84EFC94-043F-40C3-9735-AF032F028E9A}"
EndProject
Project("{9A19103F-16F7-4668-BE54-9A1E7A4F7556}") = "FluentValidations", "FluentValidations\FluentValidations.csproj", "{2CD99831-8C86-41CD-9742-082EF39EE6ED}"
EndProject
Project("{9A19103F-16F7-4668-BE54-9A1E7A4F7556}") = "Apps.Test", "Apps.Test\Apps.Test.csproj", "{9A9FB781-C8FF-46BE-A1A3-F8960E568A1A}"
EndProject
Project("{9A19103F-16F7-4668-BE54-9A1E7A4F7556}") = "TestConsul", "TestConsul\TestConsul.csproj", "{1D138EA0-8517-4F54-B1C9-FAFD50A74FA3}"
EndProject
Project("{9A19103F-16F7-4668-BE54-9A1E7A4F7556}") = "ReverseProxy", "ReverseProxy\ReverseProxy.csproj", "{D5C0B37E-1485-469B-9D2F-7F10C0640660}"
EndProject
Project("{9A19103F-16F7-4668-BE54-9A1E7A4F7556}") = "LoggerServices", "LoggerServices\LoggerServices.csproj", "{F9E5009C-1098-4C91-9DB5-C358CB995329}"
EndProject
Project("{9A19103F-16F7-4668-BE54-9A1E7A4F7556}") = "OpenTelemetryAll", "OpenTelemetryAll\OpenTelemetryAll.csproj", "{2156B8ED-7BA5-41EA-887D-3262D14AB5E8}"
EndProject
Project("{9A19103F-16F7-4668-BE54-9A1E7A4F7556}") = "SerilogDemo", "SerilogDemo\SerilogDemo.csproj", "{AF0E9506-7BE8-4E9D-A352-A0DE6FA21F1B}"
EndProject
Global
	GlobalSection(SolutionConfigurationPlatforms) = preSolution
		Debug|Any CPU = Debug|Any CPU
		Release|Any CPU = Release|Any CPU
	EndGlobalSection
	GlobalSection(ProjectConfigurationPlatforms) = postSolution
		{C8D05155-CE40-44C9-A06B-6B79F1B40009}.Debug|Any CPU.ActiveCfg = Debug|Any CPU
		{C8D05155-CE40-44C9-A06B-6B79F1B40009}.Debug|Any CPU.Build.0 = Debug|Any CPU
		{C8D05155-CE40-44C9-A06B-6B79F1B40009}.Release|Any CPU.ActiveCfg = Release|Any CPU
		{C8D05155-CE40-44C9-A06B-6B79F1B40009}.Release|Any CPU.Build.0 = Release|Any CPU
		{3661FCBD-1E95-430E-BE76-82FB194EE869}.Debug|Any CPU.ActiveCfg = Debug|Any CPU
		{3661FCBD-1E95-430E-BE76-82FB194EE869}.Debug|Any CPU.Build.0 = Debug|Any CPU
		{3661FCBD-1E95-430E-BE76-82FB194EE869}.Release|Any CPU.ActiveCfg = Release|Any CPU
		{3661FCBD-1E95-430E-BE76-82FB194EE869}.Release|Any CPU.Build.0 = Release|Any CPU
		{EF1D416A-2634-4DCA-80F0-4BC3F6159CCA}.Debug|Any CPU.ActiveCfg = Debug|Any CPU
		{EF1D416A-2634-4DCA-80F0-4BC3F6159CCA}.Debug|Any CPU.Build.0 = Debug|Any CPU
		{EF1D416A-2634-4DCA-80F0-4BC3F6159CCA}.Release|Any CPU.ActiveCfg = Release|Any CPU
		{EF1D416A-2634-4DCA-80F0-4BC3F6159CCA}.Release|Any CPU.Build.0 = Release|Any CPU
		{676BFC05-9ABD-41C9-AEB4-9E313BA20EF2}.Debug|Any CPU.ActiveCfg = Debug|Any CPU
		{676BFC05-9ABD-41C9-AEB4-9E313BA20EF2}.Debug|Any CPU.Build.0 = Debug|Any CPU
		{676BFC05-9ABD-41C9-AEB4-9E313BA20EF2}.Release|Any CPU.ActiveCfg = Release|Any CPU
		{676BFC05-9ABD-41C9-AEB4-9E313BA20EF2}.Release|Any CPU.Build.0 = Release|Any CPU
		{EDF8DEA9-FD1F-4DB2-88F7-CA83A4BB4090}.Debug|Any CPU.ActiveCfg = Debug|Any CPU
		{EDF8DEA9-FD1F-4DB2-88F7-CA83A4BB4090}.Debug|Any CPU.Build.0 = Debug|Any CPU
		{EDF8DEA9-FD1F-4DB2-88F7-CA83A4BB4090}.Release|Any CPU.ActiveCfg = Release|Any CPU
		{EDF8DEA9-FD1F-4DB2-88F7-CA83A4BB4090}.Release|Any CPU.Build.0 = Release|Any CPU
		{5F2710A0-DF10-4E9A-80AB-823CAC3FFEE9}.Debug|Any CPU.ActiveCfg = Debug|Any CPU
		{5F2710A0-DF10-4E9A-80AB-823CAC3FFEE9}.Debug|Any CPU.Build.0 = Debug|Any CPU
		{5F2710A0-DF10-4E9A-80AB-823CAC3FFEE9}.Release|Any CPU.ActiveCfg = Release|Any CPU
		{5F2710A0-DF10-4E9A-80AB-823CAC3FFEE9}.Release|Any CPU.Build.0 = Release|Any CPU
		{E8A5D866-152D-438E-90A1-25505030307B}.Debug|Any CPU.ActiveCfg = Debug|Any CPU
		{E8A5D866-152D-438E-90A1-25505030307B}.Debug|Any CPU.Build.0 = Debug|Any CPU
		{E8A5D866-152D-438E-90A1-25505030307B}.Release|Any CPU.ActiveCfg = Release|Any CPU
		{E8A5D866-152D-438E-90A1-25505030307B}.Release|Any CPU.Build.0 = Release|Any CPU
		{5B0D0077-6741-40CD-A9C3-498E11DA863B}.Debug|Any CPU.ActiveCfg = Debug|Any CPU
		{5B0D0077-6741-40CD-A9C3-498E11DA863B}.Debug|Any CPU.Build.0 = Debug|Any CPU
		{5B0D0077-6741-40CD-A9C3-498E11DA863B}.Release|Any CPU.ActiveCfg = Release|Any CPU
		{5B0D0077-6741-40CD-A9C3-498E11DA863B}.Release|Any CPU.Build.0 = Release|Any CPU
		{BF7AE299-582B-4D1C-B172-3FF12AAC7B35}.Debug|Any CPU.ActiveCfg = Debug|Any CPU
		{BF7AE299-582B-4D1C-B172-3FF12AAC7B35}.Debug|Any CPU.Build.0 = Debug|Any CPU
		{BF7AE299-582B-4D1C-B172-3FF12AAC7B35}.Release|Any CPU.ActiveCfg = Release|Any CPU
		{BF7AE299-582B-4D1C-B172-3FF12AAC7B35}.Release|Any CPU.Build.0 = Release|Any CPU
		{719D4A57-2E8A-4F1E-AD3F-A7ABB57A0406}.Debug|Any CPU.ActiveCfg = Debug|Any CPU
		{719D4A57-2E8A-4F1E-AD3F-A7ABB57A0406}.Debug|Any CPU.Build.0 = Debug|Any CPU
		{719D4A57-2E8A-4F1E-AD3F-A7ABB57A0406}.Release|Any CPU.ActiveCfg = Release|Any CPU
		{719D4A57-2E8A-4F1E-AD3F-A7ABB57A0406}.Release|Any CPU.Build.0 = Release|Any CPU
		{730A170C-4610-46A1-8864-A8C3A7023F3D}.Debug|Any CPU.ActiveCfg = Debug|Any CPU
		{730A170C-4610-46A1-8864-A8C3A7023F3D}.Debug|Any CPU.Build.0 = Debug|Any CPU
		{730A170C-4610-46A1-8864-A8C3A7023F3D}.Release|Any CPU.ActiveCfg = Release|Any CPU
		{730A170C-4610-46A1-8864-A8C3A7023F3D}.Release|Any CPU.Build.0 = Release|Any CPU
		{241CE699-9409-4B51-B4DE-C42434EF5593}.Debug|Any CPU.ActiveCfg = Debug|Any CPU
		{241CE699-9409-4B51-B4DE-C42434EF5593}.Debug|Any CPU.Build.0 = Debug|Any CPU
		{241CE699-9409-4B51-B4DE-C42434EF5593}.Release|Any CPU.ActiveCfg = Release|Any CPU
		{241CE699-9409-4B51-B4DE-C42434EF5593}.Release|Any CPU.Build.0 = Release|Any CPU
		{A9BFE574-4453-4189-B264-1B0D29D166A2}.Debug|Any CPU.ActiveCfg = Debug|Any CPU
		{A9BFE574-4453-4189-B264-1B0D29D166A2}.Debug|Any CPU.Build.0 = Debug|Any CPU
		{A9BFE574-4453-4189-B264-1B0D29D166A2}.Release|Any CPU.ActiveCfg = Release|Any CPU
		{A9BFE574-4453-4189-B264-1B0D29D166A2}.Release|Any CPU.Build.0 = Release|Any CPU
		{91A641C6-353A-4BC9-8EFB-8294BF3C3CFF}.Debug|Any CPU.ActiveCfg = Debug|Any CPU
		{91A641C6-353A-4BC9-8EFB-8294BF3C3CFF}.Debug|Any CPU.Build.0 = Debug|Any CPU
		{91A641C6-353A-4BC9-8EFB-8294BF3C3CFF}.Release|Any CPU.ActiveCfg = Release|Any CPU
		{91A641C6-353A-4BC9-8EFB-8294BF3C3CFF}.Release|Any CPU.Build.0 = Release|Any CPU
		{81DD7868-C602-4345-A02D-8FFB60BA31D9}.Debug|Any CPU.ActiveCfg = Debug|Any CPU
		{81DD7868-C602-4345-A02D-8FFB60BA31D9}.Debug|Any CPU.Build.0 = Debug|Any CPU
		{81DD7868-C602-4345-A02D-8FFB60BA31D9}.Release|Any CPU.ActiveCfg = Release|Any CPU
		{81DD7868-C602-4345-A02D-8FFB60BA31D9}.Release|Any CPU.Build.0 = Release|Any CPU
		{6C37E44B-7C99-4A97-9FFD-CE6B917AD578}.Debug|Any CPU.ActiveCfg = Debug|Any CPU
		{6C37E44B-7C99-4A97-9FFD-CE6B917AD578}.Debug|Any CPU.Build.0 = Debug|Any CPU
		{6C37E44B-7C99-4A97-9FFD-CE6B917AD578}.Release|Any CPU.ActiveCfg = Release|Any CPU
		{6C37E44B-7C99-4A97-9FFD-CE6B917AD578}.Release|Any CPU.Build.0 = Release|Any CPU
		{9AE15C05-F9E9-4FE9-B6B9-5BA6AB9D7118}.Debug|Any CPU.ActiveCfg = Debug|Any CPU
		{9AE15C05-F9E9-4FE9-B6B9-5BA6AB9D7118}.Debug|Any CPU.Build.0 = Debug|Any CPU
		{9AE15C05-F9E9-4FE9-B6B9-5BA6AB9D7118}.Release|Any CPU.ActiveCfg = Release|Any CPU
		{9AE15C05-F9E9-4FE9-B6B9-5BA6AB9D7118}.Release|Any CPU.Build.0 = Release|Any CPU
		{4391695A-F6DD-4B7C-AE19-92E76BF81838}.Debug|Any CPU.ActiveCfg = Debug|Any CPU
		{4391695A-F6DD-4B7C-AE19-92E76BF81838}.Debug|Any CPU.Build.0 = Debug|Any CPU
		{4391695A-F6DD-4B7C-AE19-92E76BF81838}.Release|Any CPU.ActiveCfg = Release|Any CPU
		{4391695A-F6DD-4B7C-AE19-92E76BF81838}.Release|Any CPU.Build.0 = Release|Any CPU
		{8A6015F1-77F5-466E-AC4F-F9706862E84E}.Debug|Any CPU.ActiveCfg = Debug|Any CPU
		{8A6015F1-77F5-466E-AC4F-F9706862E84E}.Debug|Any CPU.Build.0 = Debug|Any CPU
		{8A6015F1-77F5-466E-AC4F-F9706862E84E}.Release|Any CPU.ActiveCfg = Release|Any CPU
		{8A6015F1-77F5-466E-AC4F-F9706862E84E}.Release|Any CPU.Build.0 = Release|Any CPU
		{36A63D77-1C7F-4CB5-91B1-C2347255150A}.Debug|Any CPU.ActiveCfg = Debug|Any CPU
		{36A63D77-1C7F-4CB5-91B1-C2347255150A}.Debug|Any CPU.Build.0 = Debug|Any CPU
		{36A63D77-1C7F-4CB5-91B1-C2347255150A}.Release|Any CPU.ActiveCfg = Release|Any CPU
		{36A63D77-1C7F-4CB5-91B1-C2347255150A}.Release|Any CPU.Build.0 = Release|Any CPU
		{0C2C001B-D4AF-4612-9FD7-58D0B0C3A418}.Debug|Any CPU.ActiveCfg = Debug|Any CPU
		{0C2C001B-D4AF-4612-9FD7-58D0B0C3A418}.Debug|Any CPU.Build.0 = Debug|Any CPU
		{0C2C001B-D4AF-4612-9FD7-58D0B0C3A418}.Release|Any CPU.ActiveCfg = Release|Any CPU
		{0C2C001B-D4AF-4612-9FD7-58D0B0C3A418}.Release|Any CPU.Build.0 = Release|Any CPU
		{88BC250C-8BE9-4CA0-BF7A-31E7C1D20D04}.Debug|Any CPU.ActiveCfg = Debug|Any CPU
		{88BC250C-8BE9-4CA0-BF7A-31E7C1D20D04}.Debug|Any CPU.Build.0 = Debug|Any CPU
		{88BC250C-8BE9-4CA0-BF7A-31E7C1D20D04}.Release|Any CPU.ActiveCfg = Release|Any CPU
		{88BC250C-8BE9-4CA0-BF7A-31E7C1D20D04}.Release|Any CPU.Build.0 = Release|Any CPU
		{BE41B184-D9B8-48D6-A9B4-7FB52F830597}.Debug|Any CPU.ActiveCfg = Debug|Any CPU
		{BE41B184-D9B8-48D6-A9B4-7FB52F830597}.Debug|Any CPU.Build.0 = Debug|Any CPU
		{BE41B184-D9B8-48D6-A9B4-7FB52F830597}.Release|Any CPU.ActiveCfg = Release|Any CPU
		{BE41B184-D9B8-48D6-A9B4-7FB52F830597}.Release|Any CPU.Build.0 = Release|Any CPU
		{D84EFC94-043F-40C3-9735-AF032F028E9A}.Debug|Any CPU.ActiveCfg = Debug|Any CPU
		{D84EFC94-043F-40C3-9735-AF032F028E9A}.Debug|Any CPU.Build.0 = Debug|Any CPU
		{D84EFC94-043F-40C3-9735-AF032F028E9A}.Release|Any CPU.ActiveCfg = Release|Any CPU
		{D84EFC94-043F-40C3-9735-AF032F028E9A}.Release|Any CPU.Build.0 = Release|Any CPU
		{2CD99831-8C86-41CD-9742-082EF39EE6ED}.Debug|Any CPU.ActiveCfg = Debug|Any CPU
		{2CD99831-8C86-41CD-9742-082EF39EE6ED}.Debug|Any CPU.Build.0 = Debug|Any CPU
		{2CD99831-8C86-41CD-9742-082EF39EE6ED}.Release|Any CPU.ActiveCfg = Release|Any CPU
		{2CD99831-8C86-41CD-9742-082EF39EE6ED}.Release|Any CPU.Build.0 = Release|Any CPU
		{9A9FB781-C8FF-46BE-A1A3-F8960E568A1A}.Debug|Any CPU.ActiveCfg = Debug|Any CPU
		{9A9FB781-C8FF-46BE-A1A3-F8960E568A1A}.Debug|Any CPU.Build.0 = Debug|Any CPU
		{9A9FB781-C8FF-46BE-A1A3-F8960E568A1A}.Release|Any CPU.ActiveCfg = Release|Any CPU
		{9A9FB781-C8FF-46BE-A1A3-F8960E568A1A}.Release|Any CPU.Build.0 = Release|Any CPU
		{1D138EA0-8517-4F54-B1C9-FAFD50A74FA3}.Debug|Any CPU.ActiveCfg = Debug|Any CPU
		{1D138EA0-8517-4F54-B1C9-FAFD50A74FA3}.Debug|Any CPU.Build.0 = Debug|Any CPU
		{1D138EA0-8517-4F54-B1C9-FAFD50A74FA3}.Release|Any CPU.ActiveCfg = Release|Any CPU
		{1D138EA0-8517-4F54-B1C9-FAFD50A74FA3}.Release|Any CPU.Build.0 = Release|Any CPU
		{D5C0B37E-1485-469B-9D2F-7F10C0640660}.Debug|Any CPU.ActiveCfg = Debug|Any CPU
		{D5C0B37E-1485-469B-9D2F-7F10C0640660}.Debug|Any CPU.Build.0 = Debug|Any CPU
		{D5C0B37E-1485-469B-9D2F-7F10C0640660}.Release|Any CPU.ActiveCfg = Release|Any CPU
		{D5C0B37E-1485-469B-9D2F-7F10C0640660}.Release|Any CPU.Build.0 = Release|Any CPU
		{F9E5009C-1098-4C91-9DB5-C358CB995329}.Debug|Any CPU.ActiveCfg = Debug|Any CPU
		{F9E5009C-1098-4C91-9DB5-C358CB995329}.Debug|Any CPU.Build.0 = Debug|Any CPU
		{F9E5009C-1098-4C91-9DB5-C358CB995329}.Release|Any CPU.ActiveCfg = Release|Any CPU
		{F9E5009C-1098-4C91-9DB5-C358CB995329}.Release|Any CPU.Build.0 = Release|Any CPU
		{2156B8ED-7BA5-41EA-887D-3262D14AB5E8}.Debug|Any CPU.ActiveCfg = Debug|Any CPU
		{2156B8ED-7BA5-41EA-887D-3262D14AB5E8}.Debug|Any CPU.Build.0 = Debug|Any CPU
		{2156B8ED-7BA5-41EA-887D-3262D14AB5E8}.Release|Any CPU.ActiveCfg = Release|Any CPU
		{2156B8ED-7BA5-41EA-887D-3262D14AB5E8}.Release|Any CPU.Build.0 = Release|Any CPU
		{AF0E9506-7BE8-4E9D-A352-A0DE6FA21F1B}.Debug|Any CPU.ActiveCfg = Debug|Any CPU
		{AF0E9506-7BE8-4E9D-A352-A0DE6FA21F1B}.Debug|Any CPU.Build.0 = Debug|Any CPU
		{AF0E9506-7BE8-4E9D-A352-A0DE6FA21F1B}.Release|Any CPU.ActiveCfg = Release|Any CPU
		{AF0E9506-7BE8-4E9D-A352-A0DE6FA21F1B}.Release|Any CPU.Build.0 = Release|Any CPU
	EndGlobalSection
	GlobalSection(SolutionProperties) = preSolution
		HideSolutionNode = FALSE
	EndGlobalSection
	GlobalSection(NestedProjects) = preSolution
		{ADF03AC2-C5FB-4C0D-A2BA-F9B65D29BE8E} = {EA6CB1D7-27E1-4A1A-B7DB-4076A31ABB52}
		{3B5B4D90-D384-4268-80FE-F126D7EF4E24} = {EA6CB1D7-27E1-4A1A-B7DB-4076A31ABB52}
		{9E57ACC2-CBC8-4F50-9018-C819C5EF9D54} = {EA6CB1D7-27E1-4A1A-B7DB-4076A31ABB52}
		{32EA0AB2-2DCC-4D9C-99FC-0C6FFC9CCEB1} = {EA6CB1D7-27E1-4A1A-B7DB-4076A31ABB52}
		{ED5E381B-EEF2-4FF0-8E9F-D6E259A7FB8A} = {EA6CB1D7-27E1-4A1A-B7DB-4076A31ABB52}
		{BED03803-DEB9-43DC-8D20-9336A5582FFA} = {ED5E381B-EEF2-4FF0-8E9F-D6E259A7FB8A}
		{B53589F9-FF63-4655-8FF5-0A4435E9240C} = {ADF03AC2-C5FB-4C0D-A2BA-F9B65D29BE8E}
		{494A4C58-A3D9-4F2E-BA49-E0FEA8838F3E} = {3B5B4D90-D384-4268-80FE-F126D7EF4E24}
		{3661FCBD-1E95-430E-BE76-82FB194EE869} = {B53589F9-FF63-4655-8FF5-0A4435E9240C}
		{EF1D416A-2634-4DCA-80F0-4BC3F6159CCA} = {B53589F9-FF63-4655-8FF5-0A4435E9240C}
		{676BFC05-9ABD-41C9-AEB4-9E313BA20EF2} = {494A4C58-A3D9-4F2E-BA49-E0FEA8838F3E}
		{EDF8DEA9-FD1F-4DB2-88F7-CA83A4BB4090} = {494A4C58-A3D9-4F2E-BA49-E0FEA8838F3E}
		{5F2710A0-DF10-4E9A-80AB-823CAC3FFEE9} = {494A4C58-A3D9-4F2E-BA49-E0FEA8838F3E}
		{E8A5D866-152D-438E-90A1-25505030307B} = {494A4C58-A3D9-4F2E-BA49-E0FEA8838F3E}
		{5B0D0077-6741-40CD-A9C3-498E11DA863B} = {ADF03AC2-C5FB-4C0D-A2BA-F9B65D29BE8E}
		{BF7AE299-582B-4D1C-B172-3FF12AAC7B35} = {ADF03AC2-C5FB-4C0D-A2BA-F9B65D29BE8E}
		{7F6C8D2E-9336-4EF0-95FE-8F5445EAC7E7} = {ADF03AC2-C5FB-4C0D-A2BA-F9B65D29BE8E}
		{719D4A57-2E8A-4F1E-AD3F-A7ABB57A0406} = {7F6C8D2E-9336-4EF0-95FE-8F5445EAC7E7}
		{730A170C-4610-46A1-8864-A8C3A7023F3D} = {7F6C8D2E-9336-4EF0-95FE-8F5445EAC7E7}
		{241CE699-9409-4B51-B4DE-C42434EF5593} = {7F6C8D2E-9336-4EF0-95FE-8F5445EAC7E7}
		{A9BFE574-4453-4189-B264-1B0D29D166A2} = {BED03803-DEB9-43DC-8D20-9336A5582FFA}
		{83C51B1B-FBF6-418F-AC92-4694F7C53CF1} = {ED5E381B-EEF2-4FF0-8E9F-D6E259A7FB8A}
		{91A641C6-353A-4BC9-8EFB-8294BF3C3CFF} = {83C51B1B-FBF6-418F-AC92-4694F7C53CF1}
		{B47F35C5-F5B5-4DC2-91E9-CCFBAE5E9DBE} = {32EA0AB2-2DCC-4D9C-99FC-0C6FFC9CCEB1}
		{81DD7868-C602-4345-A02D-8FFB60BA31D9} = {9E57ACC2-CBC8-4F50-9018-C819C5EF9D54}
		{9CCA1C11-9D9F-4E06-AE05-16A7B32E0BAE} = {32EA0AB2-2DCC-4D9C-99FC-0C6FFC9CCEB1}
		{452E7972-D8EE-40FA-8611-964EBD76B051} = {32EA0AB2-2DCC-4D9C-99FC-0C6FFC9CCEB1}
		{6C37E44B-7C99-4A97-9FFD-CE6B917AD578} = {ADF03AC2-C5FB-4C0D-A2BA-F9B65D29BE8E}
		{9AE15C05-F9E9-4FE9-B6B9-5BA6AB9D7118} = {9E57ACC2-CBC8-4F50-9018-C819C5EF9D54}
		{8A6015F1-77F5-466E-AC4F-F9706862E84E} = {ADF03AC2-C5FB-4C0D-A2BA-F9B65D29BE8E}
		{36A63D77-1C7F-4CB5-91B1-C2347255150A} = {BED03803-DEB9-43DC-8D20-9336A5582FFA}
		{0C2C001B-D4AF-4612-9FD7-58D0B0C3A418} = {ADF03AC2-C5FB-4C0D-A2BA-F9B65D29BE8E}
		{88BC250C-8BE9-4CA0-BF7A-31E7C1D20D04} = {ADF03AC2-C5FB-4C0D-A2BA-F9B65D29BE8E}
		{BE41B184-D9B8-48D6-A9B4-7FB52F830597} = {AA8A9CBF-01AC-4057-8703-9CD3F959CEFB}
		{D84EFC94-043F-40C3-9735-AF032F028E9A} = {ADF03AC2-C5FB-4C0D-A2BA-F9B65D29BE8E}
		{2CD99831-8C86-41CD-9742-082EF39EE6ED} = {ADF03AC2-C5FB-4C0D-A2BA-F9B65D29BE8E}
		{9A9FB781-C8FF-46BE-A1A3-F8960E568A1A} = {B47F35C5-F5B5-4DC2-91E9-CCFBAE5E9DBE}
		{1D138EA0-8517-4F54-B1C9-FAFD50A74FA3} = {BED03803-DEB9-43DC-8D20-9336A5582FFA}
		{D5C0B37E-1485-469B-9D2F-7F10C0640660} = {AA8A9CBF-01AC-4057-8703-9CD3F959CEFB}
		{F9E5009C-1098-4C91-9DB5-C358CB995329} = {ADF03AC2-C5FB-4C0D-A2BA-F9B65D29BE8E}
		{2156B8ED-7BA5-41EA-887D-3262D14AB5E8} = {ADF03AC2-C5FB-4C0D-A2BA-F9B65D29BE8E}
		{AF0E9506-7BE8-4E9D-A352-A0DE6FA21F1B} = {ADF03AC2-C5FB-4C0D-A2BA-F9B65D29BE8E}
	EndGlobalSection
	GlobalSection(ExtensibilityGlobals) = postSolution
		SolutionGuid = {27E051BF-A972-4F14-B529-624F98FA05AA}
	EndGlobalSection
EndGlobal
